
Microsoft Visual Studio Solution File, Format Version 12.00
# Visual Studio Version 16
VisualStudioVersion = 16.0.31424.327
MinimumVisualStudioVersion = 10.0.40219.1
Project("{9A19103F-16F7-4668-BE54-9A1E7A4F7556}") = "CompileBlazorInBlazor", "CompileBlazorInBlazor\CompileBlazorInBlazor.csproj", "{479EF03C-388F-4B93-AF92-7C40476FCA8B}"
EndProject
Project("{9A19103F-16F7-4668-BE54-9A1E7A4F7556}") = "Hackuble.Core", "Hackuble.Core\Hackuble.Core.csproj", "{40B9CE8E-1138-4A4B-A339-6E9E3E12CB22}"
EndProject
Project("{FAE04EC0-301F-11D3-BF4B-00C04F79EFBC}") = "Hackuble.Examples", "Hackuble.Examples\Hackuble.Examples.csproj", "{304B2735-B52D-4CDD-B819-507DAD9D6068}"
EndProject
Global
	GlobalSection(SolutionConfigurationPlatforms) = preSolution
		Debug|Any CPU = Debug|Any CPU
		Release|Any CPU = Release|Any CPU
	EndGlobalSection
	GlobalSection(ProjectConfigurationPlatforms) = postSolution
		{479EF03C-388F-4B93-AF92-7C40476FCA8B}.Debug|Any CPU.ActiveCfg = Debug|Any CPU
		{479EF03C-388F-4B93-AF92-7C40476FCA8B}.Debug|Any CPU.Build.0 = Debug|Any CPU
		{479EF03C-388F-4B93-AF92-7C40476FCA8B}.Release|Any CPU.ActiveCfg = Release|Any CPU
		{479EF03C-388F-4B93-AF92-7C40476FCA8B}.Release|Any CPU.Build.0 = Release|Any CPU
		{40B9CE8E-1138-4A4B-A339-6E9E3E12CB22}.Debug|Any CPU.ActiveCfg = Debug|Any CPU
		{40B9CE8E-1138-4A4B-A339-6E9E3E12CB22}.Debug|Any CPU.Build.0 = Debug|Any CPU
		{40B9CE8E-1138-4A4B-A339-6E9E3E12CB22}.Release|Any CPU.ActiveCfg = Release|Any CPU
		{40B9CE8E-1138-4A4B-A339-6E9E3E12CB22}.Release|Any CPU.Build.0 = Release|Any CPU
		{304B2735-B52D-4CDD-B819-507DAD9D6068}.Debug|Any CPU.ActiveCfg = Debug|Any CPU
		{304B2735-B52D-4CDD-B819-507DAD9D6068}.Debug|Any CPU.Build.0 = Debug|Any CPU
		{304B2735-B52D-4CDD-B819-507DAD9D6068}.Release|Any CPU.ActiveCfg = Release|Any CPU
		{304B2735-B52D-4CDD-B819-507DAD9D6068}.Release|Any CPU.Build.0 = Release|Any CPU
	EndGlobalSection
	GlobalSection(SolutionProperties) = preSolution
		HideSolutionNode = FALSE
	EndGlobalSection
	GlobalSection(ExtensibilityGlobals) = postSolution
		SolutionGuid = {86EDEF7C-4C2E-4106-93AC-1890C378076C}
	EndGlobalSection
EndGlobal
